// !$*UTF8*$!
{
	archiveVersion = 1;
	classes = {
	};
	objectVersion = 77;
	objects = {

/* Begin PBXContainerItemProxy section */
		F348B0B82DFE0733000C3DC2 /* PBXContainerItemProxy */ = {
			isa = PBXContainerItemProxy;
			containerPortal = F348B0992DFE0731000C3DC2 /* Project object */;
			proxyType = 1;
			remoteGlobalIDString = F348B0A02DFE0731000C3DC2;
			remoteInfo = MultiTabApp;
		};
		F348B0C22DFE0733000C3DC2 /* PBXContainerItemProxy */ = {
			isa = PBXContainerItemProxy;
			containerPortal = F348B0992DFE0731000C3DC2 /* Project object */;
			proxyType = 1;
			remoteGlobalIDString = F348B0A02DFE0731000C3DC2;
			remoteInfo = MultiTabApp;
		};
/* End PBXContainerItemProxy section */

/* Begin PBXFileReference section */
		F348B0A12DFE0731000C3DC2 /* MultiTabApp.app */ = {isa = PBXFileReference; explicitFileType = wrapper.application; includeInIndex = 0; path = MultiTabApp.app; sourceTree = BUILT_PRODUCTS_DIR; };
		F348B0B72DFE0733000C3DC2 /* MultiTabAppTests.xctest */ = {isa = PBXFileReference; explicitFileType = wrapper.cfbundle; includeInIndex = 0; path = MultiTabAppTests.xctest; sourceTree = BUILT_PRODUCTS_DIR; };
		F348B0C12DFE0733000C3DC2 /* MultiTabAppUITests.xctest */ = {isa = PBXFileReference; explicitFileType = wrapper.cfbundle; includeInIndex = 0; path = MultiTabAppUITests.xctest; sourceTree = BUILT_PRODUCTS_DIR; };
/* End PBXFileReference section */

/* Begin PBXFileSystemSynchronizedBuildFileExceptionSet section */
		F348B0C92DFE0733000C3DC2 /* Exceptions for "MultiTabApp" folder in "MultiTabApp" target */ = {
			isa = PBXFileSystemSynchronizedBuildFileExceptionSet;
			membershipExceptions = (
				Info.plist,
			);
			target = F348B0A02DFE0731000C3DC2 /* MultiTabApp */;
		};
/* End PBXFileSystemSynchronizedBuildFileExceptionSet section */

/* Begin PBXFileSystemSynchronizedRootGroup section */
		F348B0A32DFE0731000C3DC2 /* MultiTabApp */ = {
			isa = PBXFileSystemSynchronizedRootGroup;
			exceptions = (
				F348B0C92DFE0733000C3DC2 /* Exceptions for "MultiTabApp" folder in "MultiTabApp" target */,
			);
			path = MultiTabApp;
			sourceTree = "<group>";
		};
		F348B0BA2DFE0733000C3DC2 /* MultiTabAppTests */ = {
			isa = PBXFileSystemSynchronizedRootGroup;
			path = MultiTabAppTests;
			sourceTree = "<group>";
		};
		F348B0C42DFE0733000C3DC2 /* MultiTabAppUITests */ = {
			isa = PBXFileSystemSynchronizedRootGroup;
			path = MultiTabAppUITests;
			sourceTree = "<group>";
		};
/* End PBXFileSystemSynchronizedRootGroup section */

/* Begin PBXFrameworksBuildPhase section */
		F348B09E2DFE0731000C3DC2 /* Frameworks */ = {
			isa = PBXFrameworksBuildPhase;
			buildActionMask = 2147483647;
			files = (
			);
			runOnlyForDeploymentPostprocessing = 0;
		};
		F348B0B42DFE0733000C3DC2 /* Frameworks */ = {
			isa = PBXFrameworksBuildPhase;
			buildActionMask = 2147483647;
			files = (
			);
			runOnlyForDeploymentPostprocessing = 0;
		};
		F348B0BE2DFE0733000C3DC2 /* Frameworks */ = {
			isa = PBXFrameworksBuildPhase;
			buildActionMask = 2147483647;
			files = (
			);
			runOnlyForDeploymentPostprocessing = 0;
		};
/* End PBXFrameworksBuildPhase section */

/* Begin PBXGroup section */
		F348B0982DFE0731000C3DC2 = {
			isa = PBXGroup;
			children = (
				F348B0A32DFE0731000C3DC2 /* MultiTabApp */,
				F348B0BA2DFE0733000C3DC2 /* MultiTabAppTests */,
				F348B0C42DFE0733000C3DC2 /* MultiTabAppUITests */,
				F348B0A22DFE0731000C3DC2 /* Products */,
			);
			sourceTree = "<group>";
		};
		F348B0A22DFE0731000C3DC2 /* Products */ = {
			isa = PBXGroup;
			children = (
				F348B0A12DFE0731000C3DC2 /* MultiTabApp.app */,
				F348B0B72DFE0733000C3DC2 /* MultiTabAppTests.xctest */,
				F348B0C12DFE0733000C3DC2 /* MultiTabAppUITests.xctest */,
			);
			name = Products;
			sourceTree = "<group>";
		};
/* End PBXGroup section */

/* Begin PBXNativeTarget section */
		F348B0A02DFE0731000C3DC2 /* MultiTabApp */ = {
			isa = PBXNativeTarget;
			buildConfigurationList = F348B0CA2DFE0733000C3DC2 /* Build configuration list for PBXNativeTarget "MultiTabApp" */;
			buildPhases = (
				F348B09D2DFE0731000C3DC2 /* Sources */,
				F348B09E2DFE0731000C3DC2 /* Frameworks */,
				F348B09F2DFE0731000C3DC2 /* Resources */,
			);
			buildRules = (
			);
			dependencies = (
			);
			fileSystemSynchronizedGroups = (
				F348B0A32DFE0731000C3DC2 /* MultiTabApp */,
			);
			name = MultiTabApp;
			packageProductDependencies = (
			);
			productName = MultiTabApp;
			productReference = F348B0A12DFE0731000C3DC2 /* MultiTabApp.app */;
			productType = "com.apple.product-type.application";
		};
		F348B0B62DFE0733000C3DC2 /* MultiTabAppTests */ = {
			isa = PBXNativeTarget;
			buildConfigurationList = F348B0CF2DFE0733000C3DC2 /* Build configuration list for PBXNativeTarget "MultiTabAppTests" */;
			buildPhases = (
				F348B0B32DFE0733000C3DC2 /* Sources */,
				F348B0B42DFE0733000C3DC2 /* Frameworks */,
				F348B0B52DFE0733000C3DC2 /* Resources */,
			);
			buildRules = (
			);
			dependencies = (
				F348B0B92DFE0733000C3DC2 /* PBXTargetDependency */,
			);
			fileSystemSynchronizedGroups = (
				F348B0BA2DFE0733000C3DC2 /* MultiTabAppTests */,
			);
			name = MultiTabAppTests;
			packageProductDependencies = (
			);
			productName = MultiTabAppTests;
			productReference = F348B0B72DFE0733000C3DC2 /* MultiTabAppTests.xctest */;
			productType = "com.apple.product-type.bundle.unit-test";
		};
		F348B0C02DFE0733000C3DC2 /* MultiTabAppUITests */ = {
			isa = PBXNativeTarget;
			buildConfigurationList = F348B0D22DFE0733000C3DC2 /* Build configuration list for PBXNativeTarget "MultiTabAppUITests" */;
			buildPhases = (
				F348B0BD2DFE0733000C3DC2 /* Sources */,
				F348B0BE2DFE0733000C3DC2 /* Frameworks */,
				F348B0BF2DFE0733000C3DC2 /* Resources */,
			);
			buildRules = (
			);
			dependencies = (
				F348B0C32DFE0733000C3DC2 /* PBXTargetDependency */,
			);
			fileSystemSynchronizedGroups = (
				F348B0C42DFE0733000C3DC2 /* MultiTabAppUITests */,
			);
			name = MultiTabAppUITests;
			packageProductDependencies = (
			);
			productName = MultiTabAppUITests;
			productReference = F348B0C12DFE0733000C3DC2 /* MultiTabAppUITests.xctest */;
			productType = "com.apple.product-type.bundle.ui-testing";
		};
/* End PBXNativeTarget section */

/* Begin PBXProject section */
		F348B0992DFE0731000C3DC2 /* Project object */ = {
			isa = PBXProject;
			attributes = {
				BuildIndependentTargetsInParallel = 1;
				LastSwiftUpdateCheck = 1640;
				LastUpgradeCheck = 1640;
				TargetAttributes = {
					F348B0A02DFE0731000C3DC2 = {
						CreatedOnToolsVersion = 16.4;
					};
					F348B0B62DFE0733000C3DC2 = {
						CreatedOnToolsVersion = 16.4;
						TestTargetID = F348B0A02DFE0731000C3DC2;
					};
					F348B0C02DFE0733000C3DC2 = {
						CreatedOnToolsVersion = 16.4;
						TestTargetID = F348B0A02DFE0731000C3DC2;
					};
				};
			};
			buildConfigurationList = F348B09C2DFE0731000C3DC2 /* Build configuration list for PBXProject "MultiTabApp" */;
			developmentRegion = en;
			hasScannedForEncodings = 0;
			knownRegions = (
				en,
				Base,
			);
			mainGroup = F348B0982DFE0731000C3DC2;
			minimizedProjectReferenceProxies = 1;
			preferredProjectObjectVersion = 77;
			productRefGroup = F348B0A22DFE0731000C3DC2 /* Products */;
			projectDirPath = "";
			projectRoot = "";
			targets = (
				F348B0A02DFE0731000C3DC2 /* MultiTabApp */,
				F348B0B62DFE0733000C3DC2 /* MultiTabAppTests */,
				F348B0C02DFE0733000C3DC2 /* MultiTabAppUITests */,
			);
		};
/* End PBXProject section */

/* Begin PBXResourcesBuildPhase section */
		F348B09F2DFE0731000C3DC2 /* Resources */ = {
			isa = PBXResourcesBuildPhase;
			buildActionMask = 2147483647;
			files = (
			);
			runOnlyForDeploymentPostprocessing = 0;
		};
		F348B0B52DFE0733000C3DC2 /* Resources */ = {
			isa = PBXResourcesBuildPhase;
			buildActionMask = 2147483647;
			files = (
			);
			runOnlyForDeploymentPostprocessing = 0;
		};
		F348B0BF2DFE0733000C3DC2 /* Resources */ = {
			isa = PBXResourcesBuildPhase;
			buildActionMask = 2147483647;
			files = (
			);
			runOnlyForDeploymentPostprocessing = 0;
		};
/* End PBXResourcesBuildPhase section */

/* Begin PBXSourcesBuildPhase section */
		F348B09D2DFE0731000C3DC2 /* Sources */ = {
			isa = PBXSourcesBuildPhase;
			buildActionMask = 2147483647;
			files = (
			);
			runOnlyForDeploymentPostprocessing = 0;
		};
		F348B0B32DFE0733000C3DC2 /* Sources */ = {
			isa = PBXSourcesBuildPhase;
			buildActionMask = 2147483647;
			files = (
			);
			runOnlyForDeploymentPostprocessing = 0;
		};
		F348B0BD2DFE0733000C3DC2 /* Sources */ = {
			isa = PBXSourcesBuildPhase;
			buildActionMask = 2147483647;
			files = (
			);
			runOnlyForDeploymentPostprocessing = 0;
		};
/* End PBXSourcesBuildPhase section */

/* Begin PBXTargetDependency section */
		F348B0B92DFE0733000C3DC2 /* PBXTargetDependency */ = {
			isa = PBXTargetDependency;
			target = F348B0A02DFE0731000C3DC2 /* MultiTabApp */;
			targetProxy = F348B0B82DFE0733000C3DC2 /* PBXContainerItemProxy */;
		};
		F348B0C32DFE0733000C3DC2 /* PBXTargetDependency */ = {
			isa = PBXTargetDependency;
			target = F348B0A02DFE0731000C3DC2 /* MultiTabApp */;
			targetProxy = F348B0C22DFE0733000C3DC2 /* PBXContainerItemProxy */;
		};
/* End PBXTargetDependency section */

/* Begin XCBuildConfiguration section */
		F348B0CB2DFE0733000C3DC2 /* Debug */ = {
			isa = XCBuildConfiguration;
			buildSettings = {
				ASSETCATALOG_COMPILER_APPICON_NAME = AppIcon;
				ASSETCATALOG_COMPILER_GLOBAL_ACCENT_COLOR_NAME = AccentColor;
				CODE_SIGN_STYLE = Automatic;
				CURRENT_PROJECT_VERSION = 1;
				DEVELOPMENT_TEAM = 7475LNX7TL;
				GENERATE_INFOPLIST_FILE = YES;
				INFOPLIST_FILE = MultiTabApp/Info.plist;
				INFOPLIST_KEY_UIApplicationSupportsIndirectInputEvents = YES;
				INFOPLIST_KEY_UILaunchStoryboardName = LaunchScreen;
				INFOPLIST_KEY_UIMainStoryboardFile = Main;
				INFOPLIST_KEY_UISupportedInterfaceOrientations_iPad = "UIInterfaceOrientationPortrait UIInterfaceOrientationPortraitUpsideDown UIInterfaceOrientationLandscapeLeft UIInterfaceOrientationLandscapeRight";
				INFOPLIST_KEY_UISupportedInterfaceOrientations_iPhone = "UIInterfaceOrientationPortrait UIInterfaceOrientationLandscapeLeft UIInterfaceOrientationLandscapeRight";
				LD_RUNPATH_SEARCH_PATHS = (
					"$(inherited)",
					"@executable_path/Frameworks",
				);
				MARKETING_VERSION = 1.0;
				PRODUCT_BUNDLE_IDENTIFIER = com.lukaszfabia.MultiTabApp;
				PRODUCT_NAME = "$(TARGET_NAME)";
				SWIFT_EMIT_LOC_STRINGS = YES;
				SWIFT_VERSION = 5.0;
				TARGETED_DEVICE_FAMILY = "1,2";
			};
			name = Debug;
		};
		F348B0CC2DFE0733000C3DC2 /* Release */ = {
			isa = XCBuildConfiguration;
			buildSettings = {
				ASSETCATALOG_COMPILER_APPICON_NAME = AppIcon;
				ASSETCATALOG_COMPILER_GLOBAL_ACCENT_COLOR_NAME = AccentColor;
				CODE_SIGN_STYLE = Automatic;
				CURRENT_PROJECT_VERSION = 1;
				DEVELOPMENT_TEAM = 7475LNX7TL;
				GENERATE_INFOPLIST_FILE = YES;
				INFOPLIST_FILE = MultiTabApp/Info.plist;
				INFOPLIST_KEY_UIApplicationSupportsIndirectInputEvents = YES;
				INFOPLIST_KEY_UILaunchStoryboardName = LaunchScreen;
				INFOPLIST_KEY_UIMainStoryboardFile = Main;
				INFOPLIST_KEY_UISupportedInterfaceOrientations_iPad = "UIInterfaceOrientationPortrait UIInterfaceOrientationPortraitUpsideDown UIInterfaceOrientationLandscapeLeft UIInterfaceOrientationLandscapeRight";
				INFOPLIST_KEY_UISupportedInterfaceOrientations_iPhone = "UIInterfaceOrientationPortrait UIInterfaceOrientationLandscapeLeft UIInterfaceOrientationLandscapeRight";
				LD_RUNPATH_SEARCH_PATHS = (
					"$(inherited)",
					"@executable_path/Frameworks",
				);
				MARKETING_VERSION = 1.0;
				PRODUCT_BUNDLE_IDENTIFIER = com.lukaszfabia.MultiTabApp;
				PRODUCT_NAME = "$(TARGET_NAME)";
				SWIFT_EMIT_LOC_STRINGS = YES;
				SWIFT_VERSION = 5.0;
				TARGETED_DEVICE_FAMILY = "1,2";
			};
			name = Release;
		};
		F348B0CD2DFE0733000C3DC2 /* Debug */ = {
			isa = XCBuildConfiguration;
			buildSettings = {
				ALWAYS_SEARCH_USER_PATHS = NO;
				ASSETCATALOG_COMPILER_GENERATE_SWIFT_ASSET_SYMBOL_EXTENSIONS = YES;
				CLANG_ANALYZER_NONNULL = YES;
				CLANG_ANALYZER_NUMBER_OBJECT_CONVERSION = YES_AGGRESSIVE;
				CLANG_CXX_LANGUAGE_STANDARD = "gnu++20";
				CLANG_ENABLE_MODULES = YES;
				CLANG_ENABLE_OBJC_ARC = YES;
				CLANG_ENABLE_OBJC_WEAK = YES;
				CLANG_WARN_BLOCK_CAPTURE_AUTORELEASING = YES;
				CLANG_WARN_BOOL_CONVERSION = YES;
				CLANG_WARN_COMMA = YES;
				CLANG_WARN_CONSTANT_CONVERSION = YES;
				CLANG_WARN_DEPRECATED_OBJC_IMPLEMENTATIONS = YES;
				CLANG_WARN_DIRECT_OBJC_ISA_USAGE = YES_ERROR;
				CLANG_WARN_DOCUMENTATION_COMMENTS = YES;
				CLANG_WARN_EMPTY_BODY = YES;
				CLANG_WARN_ENUM_CONVERSION = YES;
				CLANG_WARN_INFINITE_RECURSION = YES;
				CLANG_WARN_INT_CONVERSION = YES;
				CLANG_WARN_NON_LITERAL_NULL_CONVERSION = YES;
				CLANG_WARN_OBJC_IMPLICIT_RETAIN_SELF = YES;
				CLANG_WARN_OBJC_LITERAL_CONVERSION = YES;
				CLANG_WARN_OBJC_ROOT_CLASS = YES_ERROR;
				CLANG_WARN_QUOTED_INCLUDE_IN_FRAMEWORK_HEADER = YES;
				CLANG_WARN_RANGE_LOOP_ANALYSIS = YES;
				CLANG_WARN_STRICT_PROTOTYPES = YES;
				CLANG_WARN_SUSPICIOUS_MOVE = YES;
				CLANG_WARN_UNGUARDED_AVAILABILITY = YES_AGGRESSIVE;
				CLANG_WARN_UNREACHABLE_CODE = YES;
				CLANG_WARN__DUPLICATE_METHOD_MATCH = YES;
				COPY_PHASE_STRIP = NO;
				DEBUG_INFORMATION_FORMAT = dwarf;
				DEVELOPMENT_TEAM = 7475LNX7TL;
				ENABLE_STRICT_OBJC_MSGSEND = YES;
				ENABLE_TESTABILITY = YES;
				ENABLE_USER_SCRIPT_SANDBOXING = YES;
				GCC_C_LANGUAGE_STANDARD = gnu17;
				GCC_DYNAMIC_NO_PIC = NO;
				GCC_NO_COMMON_BLOCKS = YES;
				GCC_OPTIMIZATION_LEVEL = 0;
				GCC_PREPROCESSOR_DEFINITIONS = (
					"DEBUG=1",
					"$(inherited)",
				);
				GCC_WARN_64_TO_32_BIT_CONVERSION = YES;
				GCC_WARN_ABOUT_RETURN_TYPE = YES_ERROR;
				GCC_WARN_UNDECLARED_SELECTOR = YES;
				GCC_WARN_UNINITIALIZED_AUTOS = YES_AGGRESSIVE;
				GCC_WARN_UNUSED_FUNCTION = YES;
				GCC_WARN_UNUSED_VARIABLE = YES;
				IPHONEOS_DEPLOYMENT_TARGET = 18.5;
				LOCALIZATION_PREFERS_STRING_CATALOGS = YES;
				MTL_ENABLE_DEBUG_INFO = INCLUDE_SOURCE;
				MTL_FAST_MATH = YES;
				ONLY_ACTIVE_ARCH = YES;
				SDKROOT = iphoneos;
				SWIFT_ACTIVE_COMPILATION_CONDITIONS = "DEBUG $(inherited)";
				SWIFT_OPTIMIZATION_LEVEL = "-Onone";
			};
			name = Debug;
		};
		F348B0CE2DFE0733000C3DC2 /* Release */ = {
			isa = XCBuildConfiguration;
			buildSettings = {
				ALWAYS_SEARCH_USER_PATHS = NO;
				ASSETCATALOG_COMPILER_GENERATE_SWIFT_ASSET_SYMBOL_EXTENSIONS = YES;
				CLANG_ANALYZER_NONNULL = YES;
				CLANG_ANALYZER_NUMBER_OBJECT_CONVERSION = YES_AGGRESSIVE;
				CLANG_CXX_LANGUAGE_STANDARD = "gnu++20";
				CLANG_ENABLE_MODULES = YES;
				CLANG_ENABLE_OBJC_ARC = YES;
				CLANG_ENABLE_OBJC_WEAK = YES;
				CLANG_WARN_BLOCK_CAPTURE_AUTORELEASING = YES;
				CLANG_WARN_BOOL_CONVERSION = YES;
				CLANG_WARN_COMMA = YES;
				CLANG_WARN_CONSTANT_CONVERSION = YES;
				CLANG_WARN_DEPRECATED_OBJC_IMPLEMENTATIONS = YES;
				CLANG_WARN_DIRECT_OBJC_ISA_USAGE = YES_ERROR;
				CLANG_WARN_DOCUMENTATION_COMMENTS = YES;
				CLANG_WARN_EMPTY_BODY = YES;
				CLANG_WARN_ENUM_CONVERSION = YES;
				CLANG_WARN_INFINITE_RECURSION = YES;
				CLANG_WARN_INT_CONVERSION = YES;
				CLANG_WARN_NON_LITERAL_NULL_CONVERSION = YES;
				CLANG_WARN_OBJC_IMPLICIT_RETAIN_SELF = YES;
				CLANG_WARN_OBJC_LITERAL_CONVERSION = YES;
				CLANG_WARN_OBJC_ROOT_CLASS = YES_ERROR;
				CLANG_WARN_QUOTED_INCLUDE_IN_FRAMEWORK_HEADER = YES;
				CLANG_WARN_RANGE_LOOP_ANALYSIS = YES;
				CLANG_WARN_STRICT_PROTOTYPES = YES;
				CLANG_WARN_SUSPICIOUS_MOVE = YES;
				CLANG_WARN_UNGUARDED_AVAILABILITY = YES_AGGRESSIVE;
				CLANG_WARN_UNREACHABLE_CODE = YES;
				CLANG_WARN__DUPLICATE_METHOD_MATCH = YES;
				COPY_PHASE_STRIP = NO;
				DEBUG_INFORMATION_FORMAT = "dwarf-with-dsym";
				DEVELOPMENT_TEAM = 7475LNX7TL;
				ENABLE_NS_ASSERTIONS = NO;
				ENABLE_STRICT_OBJC_MSGSEND = YES;
				ENABLE_USER_SCRIPT_SANDBOXING = YES;
				GCC_C_LANGUAGE_STANDARD = gnu17;
				GCC_NO_COMMON_BLOCKS = YES;
				GCC_WARN_64_TO_32_BIT_CONVERSION = YES;
				GCC_WARN_ABOUT_RETURN_TYPE = YES_ERROR;
				GCC_WARN_UNDECLARED_SELECTOR = YES;
				GCC_WARN_UNINITIALIZED_AUTOS = YES_AGGRESSIVE;
				GCC_WARN_UNUSED_FUNCTION = YES;
				GCC_WARN_UNUSED_VARIABLE = YES;
				IPHONEOS_DEPLOYMENT_TARGET = 18.5;
				LOCALIZATION_PREFERS_STRING_CATALOGS = YES;
				MTL_ENABLE_DEBUG_INFO = NO;
				MTL_FAST_MATH = YES;
				SDKROOT = iphoneos;
				SWIFT_COMPILATION_MODE = wholemodule;
				VALIDATE_PRODUCT = YES;
			};
			name = Release;
		};
		F348B0D02DFE0733000C3DC2 /* Debug */ = {
			isa = XCBuildConfiguration;
			buildSettings = {
				BUNDLE_LOADER = "$(TEST_HOST)";
				CODE_SIGN_STYLE = Automatic;
				CURRENT_PROJECT_VERSION = 1;
				DEVELOPMENT_TEAM = 7475LNX7TL;
				GENERATE_INFOPLIST_FILE = YES;
				IPHONEOS_DEPLOYMENT_TARGET = 18.5;
				MARKETING_VERSION = 1.0;
				PRODUCT_BUNDLE_IDENTIFIER = com.lukaszfabia.MultiTabAppTests;
				PRODUCT_NAME = "$(TARGET_NAME)";
				SWIFT_EMIT_LOC_STRINGS = NO;
				SWIFT_VERSION = 5.0;
				TARGETED_DEVICE_FAMILY = "1,2";
				TEST_HOST = "$(BUILT_PRODUCTS_DIR)/MultiTabApp.app/$(BUNDLE_EXECUTABLE_FOLDER_PATH)/MultiTabApp";
			};
			name = Debug;
		};
		F348B0D12DFE0733000C3DC2 /* Release */ = {
			isa = XCBuildConfiguration;
			buildSettings = {
				BUNDLE_LOADER = "$(TEST_HOST)";
				CODE_SIGN_STYLE = Automatic;
				CURRENT_PROJECT_VERSION = 1;
				DEVELOPMENT_TEAM = 7475LNX7TL;
				GENERATE_INFOPLIST_FILE = YES;
				IPHONEOS_DEPLOYMENT_TARGET = 18.5;
				MARKETING_VERSION = 1.0;
				PRODUCT_BUNDLE_IDENTIFIER = com.lukaszfabia.MultiTabAppTests;
				PRODUCT_NAME = "$(TARGET_NAME)";
				SWIFT_EMIT_LOC_STRINGS = NO;
				SWIFT_VERSION = 5.0;
				TARGETED_DEVICE_FAMILY = "1,2";
				TEST_HOST = "$(BUILT_PRODUCTS_DIR)/MultiTabApp.app/$(BUNDLE_EXECUTABLE_FOLDER_PATH)/MultiTabApp";
			};
			name = Release;
		};
		F348B0D32DFE0733000C3DC2 /* Debug */ = {
			isa = XCBuildConfiguration;
			buildSettings = {
				CODE_SIGN_STYLE = Automatic;
				CURRENT_PROJECT_VERSION = 1;
				DEVELOPMENT_TEAM = 7475LNX7TL;
				GENERATE_INFOPLIST_FILE = YES;
				MARKETING_VERSION = 1.0;
				PRODUCT_BUNDLE_IDENTIFIER = com.lukaszfabia.MultiTabAppUITests;
				PRODUCT_NAME = "$(TARGET_NAME)";
				SWIFT_EMIT_LOC_STRINGS = NO;
				SWIFT_VERSION = 5.0;
				TARGETED_DEVICE_FAMILY = "1,2";
				TEST_TARGET_NAME = MultiTabApp;
			};
			name = Debug;
		};
		F348B0D42DFE0733000C3DC2 /* Release */ = {
			isa = XCBuildConfiguration;
			buildSettings = {
				CODE_SIGN_STYLE = Automatic;
				CURRENT_PROJECT_VERSION = 1;
				DEVELOPMENT_TEAM = 7475LNX7TL;
				GENERATE_INFOPLIST_FILE = YES;
				MARKETING_VERSION = 1.0;
				PRODUCT_BUNDLE_IDENTIFIER = com.lukaszfabia.MultiTabAppUITests;
				PRODUCT_NAME = "$(TARGET_NAME)";
				SWIFT_EMIT_LOC_STRINGS = NO;
				SWIFT_VERSION = 5.0;
				TARGETED_DEVICE_FAMILY = "1,2";
				TEST_TARGET_NAME = MultiTabApp;
			};
			name = Release;
		};
/* End XCBuildConfiguration section */

/* Begin XCConfigurationList section */
		F348B09C2DFE0731000C3DC2 /* Build configuration list for PBXProject "MultiTabApp" */ = {
			isa = XCConfigurationList;
			buildConfigurations = (
				F348B0CD2DFE0733000C3DC2 /* Debug */,
				F348B0CE2DFE0733000C3DC2 /* Release */,
			);
			defaultConfigurationIsVisible = 0;
			defaultConfigurationName = Release;
		};
		F348B0CA2DFE0733000C3DC2 /* Build configuration list for PBXNativeTarget "MultiTabApp" */ = {
			isa = XCConfigurationList;
			buildConfigurations = (
				F348B0CB2DFE0733000C3DC2 /* Debug */,
				F348B0CC2DFE0733000C3DC2 /* Release */,
			);
			defaultConfigurationIsVisible = 0;
			defaultConfigurationName = Release;
		};
		F348B0CF2DFE0733000C3DC2 /* Build configuration list for PBXNativeTarget "MultiTabAppTests" */ = {
			isa = XCConfigurationList;
			buildConfigurations = (
				F348B0D02DFE0733000C3DC2 /* Debug */,
				F348B0D12DFE0733000C3DC2 /* Release */,
			);
			defaultConfigurationIsVisible = 0;
			defaultConfigurationName = Release;
		};
		F348B0D22DFE0733000C3DC2 /* Build configuration list for PBXNativeTarget "MultiTabAppUITests" */ = {
			isa = XCConfigurationList;
			buildConfigurations = (
				F348B0D32DFE0733000C3DC2 /* Debug */,
				F348B0D42DFE0733000C3DC2 /* Release */,
			);
			defaultConfigurationIsVisible = 0;
			defaultConfigurationName = Release;
		};
/* End XCConfigurationList section */
	};
	rootObject = F348B0992DFE0731000C3DC2 /* Project object */;
}
